
Microsoft Visual Studio Solution File, Format Version 12.00
# Visual Studio Version 17
VisualStudioVersion = 17.11.35303.130
MinimumVisualStudioVersion = 10.0.40219.1
Project("{2150E333-8FDC-42A3-9474-1A3956D46DE8}") = "1.Utilities", "1.Utilities", "{F2BBE9DB-F32D-450E-8C40-42E98C2C68AD}"
EndProject
Project("{2150E333-8FDC-42A3-9474-1A3956D46DE8}") = "src", "src", "{FF8E4B3D-39A8-4412-9636-BD14ED8016DF}"
EndProject
Project("{2150E333-8FDC-42A3-9474-1A3956D46DE8}") = "2.Core", "2.Core", "{2FD23B56-8607-496E-8577-56F379A7C381}"
EndProject
Project("{2150E333-8FDC-42A3-9474-1A3956D46DE8}") = "3.Infra", "3.Infra", "{07A00EFC-A4BB-4785-9990-9F6F4886E820}"
EndProject
Project("{2150E333-8FDC-42A3-9474-1A3956D46DE8}") = "4.EndPoints", "4.EndPoints", "{8E3B2C3D-B619-4466-A1EC-C417A7F35AD7}"
EndProject
Project("{2150E333-8FDC-42A3-9474-1A3956D46DE8}") = "Data", "Data", "{61C6C818-9EE5-4BC0-8A89-A839F82C378E}"
EndProject
Project("{2150E333-8FDC-42A3-9474-1A3956D46DE8}") = "samples", "samples", "{2E3EFC93-DC6B-46E5-8F9B-B28055E14E3B}"
EndProject
Project("{2150E333-8FDC-42A3-9474-1A3956D46DE8}") = "1.Core", "1.Core", "{5570F724-DB4C-4025-83FC-E389A2358185}"
EndProject
Project("{2150E333-8FDC-42A3-9474-1A3956D46DE8}") = "2.Infrastructure", "2.Infrastructure", "{A8098583-BB0D-4C93-BD5F-905E0BFADA69}"
EndProject
Project("{2150E333-8FDC-42A3-9474-1A3956D46DE8}") = "4.EndPoint", "4.EndPoint", "{685FC6B7-BA0E-42AB-8C8F-B742E3A430EC}"
EndProject
Project("{2150E333-8FDC-42A3-9474-1A3956D46DE8}") = "data", "data", "{3D904E4F-7419-4B51-BC43-90D250647E5A}"
EndProject
Project("{9A19103F-16F7-4668-BE54-9A1E7A4F7556}") = "Base.Utility", "src\Utilities\Base.Utility\Base.Utility.csproj", "{65229E59-ACE1-4E35-A830-D96456B93F32}"
EndProject
Project("{9A19103F-16F7-4668-BE54-9A1E7A4F7556}") = "Base.Core.Contracts", "src\Core\Base.Core.Contracts\Base.Core.Contracts.csproj", "{E8B3DE38-9249-4776-8DAF-9E6ED28D3ABC}"
EndProject
Project("{9A19103F-16F7-4668-BE54-9A1E7A4F7556}") = "Base.Core.Domains", "src\Core\Base.Core.Domains\Base.Core.Domains.csproj", "{9B815A71-9561-423F-BCDD-D24CFEEA429B}"
EndProject
Project("{9A19103F-16F7-4668-BE54-9A1E7A4F7556}") = "Base.Infrastructure", "src\Infra\Data\Base.Infrastructure\Base.Infrastructure.csproj", "{530D9B46-6B6F-4C3F-9291-089BB804A601}"
EndProject
Project("{9A19103F-16F7-4668-BE54-9A1E7A4F7556}") = "Base.EndPoints.Web", "src\EndPoints\Base.EndPoints.Web\Base.EndPoints.Web.csproj", "{56803FCE-1F7F-44AA-9939-171AF5AB3C31}"
EndProject
Project("{9A19103F-16F7-4668-BE54-9A1E7A4F7556}") = "Base.Samples.Core.Contracts", "samples\Core\Base.Samples.Core.Contracts\Base.Samples.Core.Contracts.csproj", "{E8939712-05E3-4365-9395-49DEF59766D1}"
EndProject
Project("{9A19103F-16F7-4668-BE54-9A1E7A4F7556}") = "Base.Samples.Core.Domain", "samples\Core\Base.Samples.Core.Domain\Base.Samples.Core.Domain.csproj", "{BABB448A-AE68-4CDA-9547-27B2CF8FEACD}"
EndProject
Project("{9A19103F-16F7-4668-BE54-9A1E7A4F7556}") = "Base.Samples.Infrastructure", "samples\Infra\Data\Base.Samples.Infrastructure\Base.Samples.Infrastructure.csproj", "{A328A5F9-46D1-47F6-B363-829467786231}"
EndProject
Project("{9A19103F-16F7-4668-BE54-9A1E7A4F7556}") = "Base.Samples.EndPoints.WebApi", "samples\EndPoints\Base.Samples.EndPoints.WebApi\Base.Samples.EndPoints.WebApi.csproj", "{3C701C1E-4D88-4F2B-B51D-B853A46A68BD}"
EndProject
Project("{2150E333-8FDC-42A3-9474-1A3956D46DE8}") = "3.Application", "3.Application", "{5F5D8E05-2F4C-4939-B842-68C16085D287}"
EndProject
Project("{2150E333-8FDC-42A3-9474-1A3956D46DE8}") = "3.Application", "3.Application", "{30F7BA35-4E3C-483E-9C6D-AC27EC8851B9}"
EndProject
Project("{9A19103F-16F7-4668-BE54-9A1E7A4F7556}") = "Base.Application", "src\Application\Base.Application\Base.Application.csproj", "{FC9F5E5A-E503-43A9-88C3-90F893DA1FA2}"
EndProject
Project("{9A19103F-16F7-4668-BE54-9A1E7A4F7556}") = "Base.Application.RequestResponse", "src\Application\Base.Application.RequestResponse\Base.Application.RequestResponse.csproj", "{1C697A9F-7F48-4608-9F78-3D0FBDED4017}"
EndProject
Project("{9A19103F-16F7-4668-BE54-9A1E7A4F7556}") = "Base.Sample.Application.RequestResponse", "samples\Application\Base.Sample.Application.RequestResponse\Base.Sample.Application.RequestResponse.csproj", "{DC5F6A56-D8A8-40E1-98A3-412B76CB71FB}"
EndProject
Project("{9A19103F-16F7-4668-BE54-9A1E7A4F7556}") = "Base.Sample.Application", "samples\Application\Base.Sample.Application\Base.Sample.Application.csproj", "{9A164CA4-1359-4C36-B3BA-282D79AE311C}"
EndProject
Project("{9A19103F-16F7-4668-BE54-9A1E7A4F7556}") = "Base.Sample.BackgroundWorker", "samples\EndPoints\Base.Sample.BackgroundWorker\Base.Sample.BackgroundWorker.csproj", "{A861538C-3749-46D1-9FEA-1E726DD65BDB}"
EndProject
Project("{9A19103F-16F7-4668-BE54-9A1E7A4F7556}") = "Base.BackgroundWorker", "src\EndPoints\Base.BackgroundWorker\Base.BackgroundWorker.csproj", "{12EDEFAE-7126-499F-933D-44C32F627683}"
EndProject
Project("{2150E333-8FDC-42A3-9474-1A3956D46DE8}") = "Validators", "Validators", "{484F765B-CC83-40EF-A22C-2F6780B74404}"
EndProject
Project("{FAE04EC0-301F-11D3-BF4B-00C04F79EFBC}") = "Base.Infra.Validators", "src\Infra\Validators\Base.Infra.Validators\Base.Infra.Validators.csproj", "{D5893BFF-EE9B-460B-9465-BE4B08197608}"
EndProject
Project("{FAE04EC0-301F-11D3-BF4B-00C04F79EFBC}") = "Base.Infra.Validators.Abstractions", "src\Infra\Validators\Base.Infra.Validators.Abstractions\Base.Infra.Validators.Abstractions\Base.Infra.Validators.Abstractions.csproj", "{126AA17D-2825-4188-9276-E7251E77736A}"
EndProject
Project("{FAE04EC0-301F-11D3-BF4B-00C04F79EFBC}") = "Base.Infrastructure.PostgreSQL", "src\Infra\Data\Base.Infrastructure.PostgreSQL\Base.Infrastructure.PostgreSQL.csproj", "{B599DA4D-5D02-4DEC-8F9C-D0A86EBF4E59}"
EndProject
Project("{E53339B2-1760-4266-BCC7-CA923CBCF16C}") = "docker-compose", "docker-compose.dcproj", "{15DB40F5-FD2F-4B57-8B3C-95F03D125740}"
EndProject
Global
	GlobalSection(SolutionConfigurationPlatforms) = preSolution
		Debug|Any CPU = Debug|Any CPU
		Release|Any CPU = Release|Any CPU
	EndGlobalSection
	GlobalSection(ProjectConfigurationPlatforms) = postSolution
		{65229E59-ACE1-4E35-A830-D96456B93F32}.Debug|Any CPU.ActiveCfg = Debug|Any CPU
		{65229E59-ACE1-4E35-A830-D96456B93F32}.Debug|Any CPU.Build.0 = Debug|Any CPU
		{65229E59-ACE1-4E35-A830-D96456B93F32}.Release|Any CPU.ActiveCfg = Release|Any CPU
		{65229E59-ACE1-4E35-A830-D96456B93F32}.Release|Any CPU.Build.0 = Release|Any CPU
		{E8B3DE38-9249-4776-8DAF-9E6ED28D3ABC}.Debug|Any CPU.ActiveCfg = Debug|Any CPU
		{E8B3DE38-9249-4776-8DAF-9E6ED28D3ABC}.Debug|Any CPU.Build.0 = Debug|Any CPU
		{E8B3DE38-9249-4776-8DAF-9E6ED28D3ABC}.Release|Any CPU.ActiveCfg = Release|Any CPU
		{E8B3DE38-9249-4776-8DAF-9E6ED28D3ABC}.Release|Any CPU.Build.0 = Release|Any CPU
		{9B815A71-9561-423F-BCDD-D24CFEEA429B}.Debug|Any CPU.ActiveCfg = Debug|Any CPU
		{9B815A71-9561-423F-BCDD-D24CFEEA429B}.Debug|Any CPU.Build.0 = Debug|Any CPU
		{9B815A71-9561-423F-BCDD-D24CFEEA429B}.Release|Any CPU.ActiveCfg = Release|Any CPU
		{9B815A71-9561-423F-BCDD-D24CFEEA429B}.Release|Any CPU.Build.0 = Release|Any CPU
		{530D9B46-6B6F-4C3F-9291-089BB804A601}.Debug|Any CPU.ActiveCfg = Debug|Any CPU
		{530D9B46-6B6F-4C3F-9291-089BB804A601}.Debug|Any CPU.Build.0 = Debug|Any CPU
		{530D9B46-6B6F-4C3F-9291-089BB804A601}.Release|Any CPU.ActiveCfg = Release|Any CPU
		{530D9B46-6B6F-4C3F-9291-089BB804A601}.Release|Any CPU.Build.0 = Release|Any CPU
		{56803FCE-1F7F-44AA-9939-171AF5AB3C31}.Debug|Any CPU.ActiveCfg = Debug|Any CPU
		{56803FCE-1F7F-44AA-9939-171AF5AB3C31}.Debug|Any CPU.Build.0 = Debug|Any CPU
		{56803FCE-1F7F-44AA-9939-171AF5AB3C31}.Release|Any CPU.ActiveCfg = Release|Any CPU
		{56803FCE-1F7F-44AA-9939-171AF5AB3C31}.Release|Any CPU.Build.0 = Release|Any CPU
		{E8939712-05E3-4365-9395-49DEF59766D1}.Debug|Any CPU.ActiveCfg = Debug|Any CPU
		{E8939712-05E3-4365-9395-49DEF59766D1}.Debug|Any CPU.Build.0 = Debug|Any CPU
		{E8939712-05E3-4365-9395-49DEF59766D1}.Release|Any CPU.ActiveCfg = Release|Any CPU
		{E8939712-05E3-4365-9395-49DEF59766D1}.Release|Any CPU.Build.0 = Release|Any CPU
		{BABB448A-AE68-4CDA-9547-27B2CF8FEACD}.Debug|Any CPU.ActiveCfg = Debug|Any CPU
		{BABB448A-AE68-4CDA-9547-27B2CF8FEACD}.Debug|Any CPU.Build.0 = Debug|Any CPU
		{BABB448A-AE68-4CDA-9547-27B2CF8FEACD}.Release|Any CPU.ActiveCfg = Release|Any CPU
		{BABB448A-AE68-4CDA-9547-27B2CF8FEACD}.Release|Any CPU.Build.0 = Release|Any CPU
		{A328A5F9-46D1-47F6-B363-829467786231}.Debug|Any CPU.ActiveCfg = Debug|Any CPU
		{A328A5F9-46D1-47F6-B363-829467786231}.Debug|Any CPU.Build.0 = Debug|Any CPU
		{A328A5F9-46D1-47F6-B363-829467786231}.Release|Any CPU.ActiveCfg = Release|Any CPU
		{A328A5F9-46D1-47F6-B363-829467786231}.Release|Any CPU.Build.0 = Release|Any CPU
		{3C701C1E-4D88-4F2B-B51D-B853A46A68BD}.Debug|Any CPU.ActiveCfg = Debug|Any CPU
		{3C701C1E-4D88-4F2B-B51D-B853A46A68BD}.Debug|Any CPU.Build.0 = Debug|Any CPU
		{3C701C1E-4D88-4F2B-B51D-B853A46A68BD}.Release|Any CPU.ActiveCfg = Release|Any CPU
		{3C701C1E-4D88-4F2B-B51D-B853A46A68BD}.Release|Any CPU.Build.0 = Release|Any CPU
		{FC9F5E5A-E503-43A9-88C3-90F893DA1FA2}.Debug|Any CPU.ActiveCfg = Debug|Any CPU
		{FC9F5E5A-E503-43A9-88C3-90F893DA1FA2}.Debug|Any CPU.Build.0 = Debug|Any CPU
		{FC9F5E5A-E503-43A9-88C3-90F893DA1FA2}.Release|Any CPU.ActiveCfg = Release|Any CPU
		{FC9F5E5A-E503-43A9-88C3-90F893DA1FA2}.Release|Any CPU.Build.0 = Release|Any CPU
		{1C697A9F-7F48-4608-9F78-3D0FBDED4017}.Debug|Any CPU.ActiveCfg = Debug|Any CPU
		{1C697A9F-7F48-4608-9F78-3D0FBDED4017}.Debug|Any CPU.Build.0 = Debug|Any CPU
		{1C697A9F-7F48-4608-9F78-3D0FBDED4017}.Release|Any CPU.ActiveCfg = Release|Any CPU
		{1C697A9F-7F48-4608-9F78-3D0FBDED4017}.Release|Any CPU.Build.0 = Release|Any CPU
		{DC5F6A56-D8A8-40E1-98A3-412B76CB71FB}.Debug|Any CPU.ActiveCfg = Debug|Any CPU
		{DC5F6A56-D8A8-40E1-98A3-412B76CB71FB}.Debug|Any CPU.Build.0 = Debug|Any CPU
		{DC5F6A56-D8A8-40E1-98A3-412B76CB71FB}.Release|Any CPU.ActiveCfg = Release|Any CPU
		{DC5F6A56-D8A8-40E1-98A3-412B76CB71FB}.Release|Any CPU.Build.0 = Release|Any CPU
		{9A164CA4-1359-4C36-B3BA-282D79AE311C}.Debug|Any CPU.ActiveCfg = Debug|Any CPU
		{9A164CA4-1359-4C36-B3BA-282D79AE311C}.Debug|Any CPU.Build.0 = Debug|Any CPU
		{9A164CA4-1359-4C36-B3BA-282D79AE311C}.Release|Any CPU.ActiveCfg = Release|Any CPU
		{9A164CA4-1359-4C36-B3BA-282D79AE311C}.Release|Any CPU.Build.0 = Release|Any CPU
		{A861538C-3749-46D1-9FEA-1E726DD65BDB}.Debug|Any CPU.ActiveCfg = Debug|Any CPU
		{A861538C-3749-46D1-9FEA-1E726DD65BDB}.Debug|Any CPU.Build.0 = Debug|Any CPU
		{A861538C-3749-46D1-9FEA-1E726DD65BDB}.Release|Any CPU.ActiveCfg = Release|Any CPU
		{A861538C-3749-46D1-9FEA-1E726DD65BDB}.Release|Any CPU.Build.0 = Release|Any CPU
		{12EDEFAE-7126-499F-933D-44C32F627683}.Debug|Any CPU.ActiveCfg = Debug|Any CPU
		{12EDEFAE-7126-499F-933D-44C32F627683}.Debug|Any CPU.Build.0 = Debug|Any CPU
		{12EDEFAE-7126-499F-933D-44C32F627683}.Release|Any CPU.ActiveCfg = Release|Any CPU
		{12EDEFAE-7126-499F-933D-44C32F627683}.Release|Any CPU.Build.0 = Release|Any CPU
		{D5893BFF-EE9B-460B-9465-BE4B08197608}.Debug|Any CPU.ActiveCfg = Debug|Any CPU
		{D5893BFF-EE9B-460B-9465-BE4B08197608}.Debug|Any CPU.Build.0 = Debug|Any CPU
		{D5893BFF-EE9B-460B-9465-BE4B08197608}.Release|Any CPU.ActiveCfg = Release|Any CPU
		{D5893BFF-EE9B-460B-9465-BE4B08197608}.Release|Any CPU.Build.0 = Release|Any CPU
		{126AA17D-2825-4188-9276-E7251E77736A}.Debug|Any CPU.ActiveCfg = Debug|Any CPU
		{126AA17D-2825-4188-9276-E7251E77736A}.Debug|Any CPU.Build.0 = Debug|Any CPU
		{126AA17D-2825-4188-9276-E7251E77736A}.Release|Any CPU.ActiveCfg = Release|Any CPU
		{126AA17D-2825-4188-9276-E7251E77736A}.Release|Any CPU.Build.0 = Release|Any CPU
		{B599DA4D-5D02-4DEC-8F9C-D0A86EBF4E59}.Debug|Any CPU.ActiveCfg = Debug|Any CPU
		{B599DA4D-5D02-4DEC-8F9C-D0A86EBF4E59}.Debug|Any CPU.Build.0 = Debug|Any CPU
		{B599DA4D-5D02-4DEC-8F9C-D0A86EBF4E59}.Release|Any CPU.ActiveCfg = Release|Any CPU
		{B599DA4D-5D02-4DEC-8F9C-D0A86EBF4E59}.Release|Any CPU.Build.0 = Release|Any CPU
		{15DB40F5-FD2F-4B57-8B3C-95F03D125740}.Debug|Any CPU.ActiveCfg = Debug|Any CPU
		{15DB40F5-FD2F-4B57-8B3C-95F03D125740}.Debug|Any CPU.Build.0 = Debug|Any CPU
		{15DB40F5-FD2F-4B57-8B3C-95F03D125740}.Release|Any CPU.ActiveCfg = Release|Any CPU
		{15DB40F5-FD2F-4B57-8B3C-95F03D125740}.Release|Any CPU.Build.0 = Release|Any CPU
	EndGlobalSection
	GlobalSection(SolutionProperties) = preSolution
		HideSolutionNode = FALSE
	EndGlobalSection
	GlobalSection(NestedProjects) = preSolution
		{F2BBE9DB-F32D-450E-8C40-42E98C2C68AD} = {FF8E4B3D-39A8-4412-9636-BD14ED8016DF}
		{2FD23B56-8607-496E-8577-56F379A7C381} = {FF8E4B3D-39A8-4412-9636-BD14ED8016DF}
		{07A00EFC-A4BB-4785-9990-9F6F4886E820} = {FF8E4B3D-39A8-4412-9636-BD14ED8016DF}
		{8E3B2C3D-B619-4466-A1EC-C417A7F35AD7} = {FF8E4B3D-39A8-4412-9636-BD14ED8016DF}
		{61C6C818-9EE5-4BC0-8A89-A839F82C378E} = {07A00EFC-A4BB-4785-9990-9F6F4886E820}
		{5570F724-DB4C-4025-83FC-E389A2358185} = {2E3EFC93-DC6B-46E5-8F9B-B28055E14E3B}
		{A8098583-BB0D-4C93-BD5F-905E0BFADA69} = {2E3EFC93-DC6B-46E5-8F9B-B28055E14E3B}
		{685FC6B7-BA0E-42AB-8C8F-B742E3A430EC} = {2E3EFC93-DC6B-46E5-8F9B-B28055E14E3B}
		{3D904E4F-7419-4B51-BC43-90D250647E5A} = {A8098583-BB0D-4C93-BD5F-905E0BFADA69}
		{65229E59-ACE1-4E35-A830-D96456B93F32} = {F2BBE9DB-F32D-450E-8C40-42E98C2C68AD}
		{E8B3DE38-9249-4776-8DAF-9E6ED28D3ABC} = {2FD23B56-8607-496E-8577-56F379A7C381}
		{9B815A71-9561-423F-BCDD-D24CFEEA429B} = {2FD23B56-8607-496E-8577-56F379A7C381}
		{530D9B46-6B6F-4C3F-9291-089BB804A601} = {61C6C818-9EE5-4BC0-8A89-A839F82C378E}
		{56803FCE-1F7F-44AA-9939-171AF5AB3C31} = {8E3B2C3D-B619-4466-A1EC-C417A7F35AD7}
		{E8939712-05E3-4365-9395-49DEF59766D1} = {5570F724-DB4C-4025-83FC-E389A2358185}
		{BABB448A-AE68-4CDA-9547-27B2CF8FEACD} = {5570F724-DB4C-4025-83FC-E389A2358185}
		{A328A5F9-46D1-47F6-B363-829467786231} = {3D904E4F-7419-4B51-BC43-90D250647E5A}
		{3C701C1E-4D88-4F2B-B51D-B853A46A68BD} = {685FC6B7-BA0E-42AB-8C8F-B742E3A430EC}
		{5F5D8E05-2F4C-4939-B842-68C16085D287} = {2E3EFC93-DC6B-46E5-8F9B-B28055E14E3B}
		{30F7BA35-4E3C-483E-9C6D-AC27EC8851B9} = {FF8E4B3D-39A8-4412-9636-BD14ED8016DF}
		{FC9F5E5A-E503-43A9-88C3-90F893DA1FA2} = {30F7BA35-4E3C-483E-9C6D-AC27EC8851B9}
		{1C697A9F-7F48-4608-9F78-3D0FBDED4017} = {30F7BA35-4E3C-483E-9C6D-AC27EC8851B9}
		{DC5F6A56-D8A8-40E1-98A3-412B76CB71FB} = {5F5D8E05-2F4C-4939-B842-68C16085D287}
		{9A164CA4-1359-4C36-B3BA-282D79AE311C} = {5F5D8E05-2F4C-4939-B842-68C16085D287}
		{A861538C-3749-46D1-9FEA-1E726DD65BDB} = {685FC6B7-BA0E-42AB-8C8F-B742E3A430EC}
		{12EDEFAE-7126-499F-933D-44C32F627683} = {8E3B2C3D-B619-4466-A1EC-C417A7F35AD7}
		{484F765B-CC83-40EF-A22C-2F6780B74404} = {07A00EFC-A4BB-4785-9990-9F6F4886E820}
		{D5893BFF-EE9B-460B-9465-BE4B08197608} = {484F765B-CC83-40EF-A22C-2F6780B74404}
		{126AA17D-2825-4188-9276-E7251E77736A} = {484F765B-CC83-40EF-A22C-2F6780B74404}
		{B599DA4D-5D02-4DEC-8F9C-D0A86EBF4E59} = {61C6C818-9EE5-4BC0-8A89-A839F82C378E}
		{15DB40F5-FD2F-4B57-8B3C-95F03D125740} = {685FC6B7-BA0E-42AB-8C8F-B742E3A430EC}
	EndGlobalSection
	GlobalSection(ExtensibilityGlobals) = postSolution
		SolutionGuid = {1D5D58CA-317E-4A1C-BD21-D8E928B9B245}
	EndGlobalSection
EndGlobal
